// !$*UTF8*$!
{
	archiveVersion = 1;
	classes = {
	};
	objectVersion = 50;
	objects = {

/* Begin PBXBuildFile section */
		A00A9635263884340085BEB8 /* API.swift in Sources */ = {isa = PBXBuildFile; fileRef = A00A9634263884340085BEB8 /* API.swift */; };
		A00A96382638850D0085BEB8 /* API=Extensions.swift in Sources */ = {isa = PBXBuildFile; fileRef = A00A96372638850D0085BEB8 /* API=Extensions.swift */; };
		A00A963B26388C470085BEB8 /* NetworkManager.swift in Sources */ = {isa = PBXBuildFile; fileRef = A00A963A26388C470085BEB8 /* NetworkManager.swift */; };
		A04612B22639D439000D76B4 /* Weathers.swift in Sources */ = {isa = PBXBuildFile; fileRef = A04612B12639D439000D76B4 /* Weathers.swift */; };
		A04612B52639D447000D76B4 /* WeatherDetail.swift in Sources */ = {isa = PBXBuildFile; fileRef = A04612B42639D447000D76B4 /* WeatherDetail.swift */; };
		A04612B82639D45A000D76B4 /* DailyWeather.swift in Sources */ = {isa = PBXBuildFile; fileRef = A04612B72639D45A000D76B4 /* DailyWeather.swift */; };
		A04612BB2639D46A000D76B4 /* Temperature.swift in Sources */ = {isa = PBXBuildFile; fileRef = A04612BA2639D46A000D76B4 /* Temperature.swift */; };
		A04612BF2639D4A3000D76B4 /* WeatherResponse.swift in Sources */ = {isa = PBXBuildFile; fileRef = A04612BE2639D4A3000D76B4 /* WeatherResponse.swift */; };
		A0DB295C2637306000CF40CA /* AppDelegate.swift in Sources */ = {isa = PBXBuildFile; fileRef = A0DB295B2637306000CF40CA /* AppDelegate.swift */; };
		A0DB295E2637306000CF40CA /* SceneDelegate.swift in Sources */ = {isa = PBXBuildFile; fileRef = A0DB295D2637306000CF40CA /* SceneDelegate.swift */; };
		A0DB29602637306000CF40CA /* ContentView.swift in Sources */ = {isa = PBXBuildFile; fileRef = A0DB295F2637306000CF40CA /* ContentView.swift */; };
		A0DB29622637306000CF40CA /* Assets.xcassets in Resources */ = {isa = PBXBuildFile; fileRef = A0DB29612637306000CF40CA /* Assets.xcassets */; };
		A0DB29652637306000CF40CA /* Preview Assets.xcassets in Resources */ = {isa = PBXBuildFile; fileRef = A0DB29642637306000CF40CA /* Preview Assets.xcassets */; };
		A0DB29682637306000CF40CA /* LaunchScreen.storyboard in Resources */ = {isa = PBXBuildFile; fileRef = A0DB29662637306000CF40CA /* LaunchScreen.storyboard */; };
/* End PBXBuildFile section */

/* Begin PBXFileReference section */
		A00A9634263884340085BEB8 /* API.swift */ = {isa = PBXFileReference; lastKnownFileType = sourcecode.swift; path = API.swift; sourceTree = "<group>"; };
		A00A96372638850D0085BEB8 /* API=Extensions.swift */ = {isa = PBXFileReference; lastKnownFileType = sourcecode.swift; path = "API=Extensions.swift"; sourceTree = "<group>"; };
		A00A963A26388C470085BEB8 /* NetworkManager.swift */ = {isa = PBXFileReference; lastKnownFileType = sourcecode.swift; path = NetworkManager.swift; sourceTree = "<group>"; };
		A04612B12639D439000D76B4 /* Weathers.swift */ = {isa = PBXFileReference; lastKnownFileType = sourcecode.swift; path = Weathers.swift; sourceTree = "<group>"; };
		A04612B42639D447000D76B4 /* WeatherDetail.swift */ = {isa = PBXFileReference; lastKnownFileType = sourcecode.swift; path = WeatherDetail.swift; sourceTree = "<group>"; };
		A04612B72639D45A000D76B4 /* DailyWeather.swift */ = {isa = PBXFileReference; lastKnownFileType = sourcecode.swift; path = DailyWeather.swift; sourceTree = "<group>"; };
		A04612BA2639D46A000D76B4 /* Temperature.swift */ = {isa = PBXFileReference; lastKnownFileType = sourcecode.swift; path = Temperature.swift; sourceTree = "<group>"; };
		A04612BE2639D4A3000D76B4 /* WeatherResponse.swift */ = {isa = PBXFileReference; lastKnownFileType = sourcecode.swift; path = WeatherResponse.swift; sourceTree = "<group>"; };
		A0DB29582637306000CF40CA /* weather.app */ = {isa = PBXFileReference; explicitFileType = wrapper.application; includeInIndex = 0; path = weather.app; sourceTree = BUILT_PRODUCTS_DIR; };
		A0DB295B2637306000CF40CA /* AppDelegate.swift */ = {isa = PBXFileReference; lastKnownFileType = sourcecode.swift; path = AppDelegate.swift; sourceTree = "<group>"; };
		A0DB295D2637306000CF40CA /* SceneDelegate.swift */ = {isa = PBXFileReference; lastKnownFileType = sourcecode.swift; path = SceneDelegate.swift; sourceTree = "<group>"; };
		A0DB295F2637306000CF40CA /* ContentView.swift */ = {isa = PBXFileReference; lastKnownFileType = sourcecode.swift; path = ContentView.swift; sourceTree = "<group>"; };
		A0DB29612637306000CF40CA /* Assets.xcassets */ = {isa = PBXFileReference; lastKnownFileType = folder.assetcatalog; path = Assets.xcassets; sourceTree = "<group>"; };
		A0DB29642637306000CF40CA /* Preview Assets.xcassets */ = {isa = PBXFileReference; lastKnownFileType = folder.assetcatalog; path = "Preview Assets.xcassets"; sourceTree = "<group>"; };
		A0DB29672637306000CF40CA /* Base */ = {isa = PBXFileReference; lastKnownFileType = file.storyboard; name = Base; path = Base.lproj/LaunchScreen.storyboard; sourceTree = "<group>"; };
		A0DB29692637306000CF40CA /* Info.plist */ = {isa = PBXFileReference; lastKnownFileType = text.plist.xml; path = Info.plist; sourceTree = "<group>"; };
/* End PBXFileReference section */

/* Begin PBXFrameworksBuildPhase section */
		A0DB29552637306000CF40CA /* Frameworks */ = {
			isa = PBXFrameworksBuildPhase;
			buildActionMask = 2147483647;
			files = (
			);
			runOnlyForDeploymentPostprocessing = 0;
		};
/* End PBXFrameworksBuildPhase section */

/* Begin PBXGroup section */
		A0DB294F2637305F00CF40CA = {
			isa = PBXGroup;
			children = (
				A0DB295A2637306000CF40CA /* weather */,
				A0DB29592637306000CF40CA /* Products */,
			);
			sourceTree = "<group>";
		};
		A0DB29592637306000CF40CA /* Products */ = {
			isa = PBXGroup;
			children = (
				A0DB29582637306000CF40CA /* weather.app */,
			);
			name = Products;
			sourceTree = "<group>";
		};
		A0DB295A2637306000CF40CA /* weather */ = {
			isa = PBXGroup;
			children = (
				A0DB2974263732E500CF40CA /* LottieAnimations */,
				A0DB2973263732CC00CF40CA /* ViewModels */,
				A0DB2972263732BB00CF40CA /* views */,
				A0DB2971263732B300CF40CA /* models */,
				A0DB29702637326E00CF40CA /* networking */,
				A0DB295B2637306000CF40CA /* AppDelegate.swift */,
				A0DB295D2637306000CF40CA /* SceneDelegate.swift */,
				A0DB295F2637306000CF40CA /* ContentView.swift */,
				A0DB29612637306000CF40CA /* Assets.xcassets */,
				A0DB29662637306000CF40CA /* LaunchScreen.storyboard */,
				A0DB29692637306000CF40CA /* Info.plist */,
				A0DB29632637306000CF40CA /* Preview Content */,
			);
			path = weather;
			sourceTree = "<group>";
		};
		A0DB29632637306000CF40CA /* Preview Content */ = {
			isa = PBXGroup;
			children = (
				A0DB29642637306000CF40CA /* Preview Assets.xcassets */,
			);
			path = "Preview Content";
			sourceTree = "<group>";
		};
		A0DB29702637326E00CF40CA /* networking */ = {
			isa = PBXGroup;
			children = (
				A00A9634263884340085BEB8 /* API.swift */,
				A00A96372638850D0085BEB8 /* API=Extensions.swift */,
				A00A963A26388C470085BEB8 /* NetworkManager.swift */,
			);
			path = networking;
			sourceTree = "<group>";
		};
		A0DB2971263732B300CF40CA /* models */ = {
			isa = PBXGroup;
			children = (
				A04612BE2639D4A3000D76B4 /* WeatherResponse.swift */,
				A04612B12639D439000D76B4 /* Weathers.swift */,
				A04612B42639D447000D76B4 /* WeatherDetail.swift */,
				A04612B72639D45A000D76B4 /* DailyWeather.swift */,
				A04612BA2639D46A000D76B4 /* Temperature.swift */,
			);
			path = models;
			sourceTree = "<group>";
		};
		A0DB2972263732BB00CF40CA /* views */ = {
			isa = PBXGroup;
			children = (
			);
			path = views;
			sourceTree = "<group>";
		};
		A0DB2973263732CC00CF40CA /* ViewModels */ = {
			isa = PBXGroup;
			children = (
			);
			path = ViewModels;
			sourceTree = "<group>";
		};
		A0DB2974263732E500CF40CA /* LottieAnimations */ = {
			isa = PBXGroup;
			children = (
			);
			path = LottieAnimations;
			sourceTree = "<group>";
		};
/* End PBXGroup section */

/* Begin PBXNativeTarget section */
		A0DB29572637306000CF40CA /* weather */ = {
			isa = PBXNativeTarget;
			buildConfigurationList = A0DB296C2637306000CF40CA /* Build configuration list for PBXNativeTarget "weather" */;
			buildPhases = (
				A0DB29542637306000CF40CA /* Sources */,
				A0DB29552637306000CF40CA /* Frameworks */,
				A0DB29562637306000CF40CA /* Resources */,
			);
			buildRules = (
			);
			dependencies = (
			);
			name = weather;
			productName = weather;
			productReference = A0DB29582637306000CF40CA /* weather.app */;
			productType = "com.apple.product-type.application";
		};
/* End PBXNativeTarget section */

/* Begin PBXProject section */
		A0DB29502637305F00CF40CA /* Project object */ = {
			isa = PBXProject;
			attributes = {
				LastSwiftUpdateCheck = 1220;
				LastUpgradeCheck = 1220;
				TargetAttributes = {
					A0DB29572637306000CF40CA = {
						CreatedOnToolsVersion = 12.2;
					};
				};
			};
			buildConfigurationList = A0DB29532637305F00CF40CA /* Build configuration list for PBXProject "weather" */;
			compatibilityVersion = "Xcode 9.3";
			developmentRegion = en;
			hasScannedForEncodings = 0;
			knownRegions = (
				en,
				Base,
			);
			mainGroup = A0DB294F2637305F00CF40CA;
			productRefGroup = A0DB29592637306000CF40CA /* Products */;
			projectDirPath = "";
			projectRoot = "";
			targets = (
				A0DB29572637306000CF40CA /* weather */,
			);
		};
/* End PBXProject section */

/* Begin PBXResourcesBuildPhase section */
		A0DB29562637306000CF40CA /* Resources */ = {
			isa = PBXResourcesBuildPhase;
			buildActionMask = 2147483647;
			files = (
				A0DB29682637306000CF40CA /* LaunchScreen.storyboard in Resources */,
				A0DB29652637306000CF40CA /* Preview Assets.xcassets in Resources */,
				A0DB29622637306000CF40CA /* Assets.xcassets in Resources */,
			);
			runOnlyForDeploymentPostprocessing = 0;
		};
/* End PBXResourcesBuildPhase section */

/* Begin PBXSourcesBuildPhase section */
		A0DB29542637306000CF40CA /* Sources */ = {
			isa = PBXSourcesBuildPhase;
			buildActionMask = 2147483647;
			files = (
				A04612B82639D45A000D76B4 /* DailyWeather.swift in Sources */,
				A00A963B26388C470085BEB8 /* NetworkManager.swift in Sources */,
				A0DB295C2637306000CF40CA /* AppDelegate.swift in Sources */,
				A04612BF2639D4A3000D76B4 /* WeatherResponse.swift in Sources */,
				A00A96382638850D0085BEB8 /* API=Extensions.swift in Sources */,
				A0DB295E2637306000CF40CA /* SceneDelegate.swift in Sources */,
				A04612B22639D439000D76B4 /* Weathers.swift in Sources */,
				A04612BB2639D46A000D76B4 /* Temperature.swift in Sources */,
				A04612B52639D447000D76B4 /* WeatherDetail.swift in Sources */,
				A00A9635263884340085BEB8 /* API.swift in Sources */,
				A0DB29602637306000CF40CA /* ContentView.swift in Sources */,
			);
			runOnlyForDeploymentPostprocessing = 0;
		};
/* End PBXSourcesBuildPhase section */

/* Begin PBXVariantGroup section */
		A0DB29662637306000CF40CA /* LaunchScreen.storyboard */ = {
			isa = PBXVariantGroup;
			children = (
				A0DB29672637306000CF40CA /* Base */,
			);
			name = LaunchScreen.storyboard;
			sourceTree = "<group>";
		};
/* End PBXVariantGroup section */

/* Begin XCBuildConfiguration section */
		A0DB296A2637306000CF40CA /* Debug */ = {
			isa = XCBuildConfiguration;
			buildSettings = {
				ALWAYS_SEARCH_USER_PATHS = NO;
				CLANG_ANALYZER_NONNULL = YES;
				CLANG_ANALYZER_NUMBER_OBJECT_CONVERSION = YES_AGGRESSIVE;
				CLANG_CXX_LANGUAGE_STANDARD = "gnu++14";
				CLANG_CXX_LIBRARY = "libc++";
				CLANG_ENABLE_MODULES = YES;
				CLANG_ENABLE_OBJC_ARC = YES;
				CLANG_ENABLE_OBJC_WEAK = YES;
				CLANG_WARN_BLOCK_CAPTURE_AUTORELEASING = YES;
				CLANG_WARN_BOOL_CONVERSION = YES;
				CLANG_WARN_COMMA = YES;
				CLANG_WARN_CONSTANT_CONVERSION = YES;
				CLANG_WARN_DEPRECATED_OBJC_IMPLEMENTATIONS = YES;
				CLANG_WARN_DIRECT_OBJC_ISA_USAGE = YES_ERROR;
				CLANG_WARN_DOCUMENTATION_COMMENTS = YES;
				CLANG_WARN_EMPTY_BODY = YES;
				CLANG_WARN_ENUM_CONVERSION = YES;
				CLANG_WARN_INFINITE_RECURSION = YES;
				CLANG_WARN_INT_CONVERSION = YES;
				CLANG_WARN_NON_LITERAL_NULL_CONVERSION = YES;
				CLANG_WARN_OBJC_IMPLICIT_RETAIN_SELF = YES;
				CLANG_WARN_OBJC_LITERAL_CONVERSION = YES;
				CLANG_WARN_OBJC_ROOT_CLASS = YES_ERROR;
				CLANG_WARN_QUOTED_INCLUDE_IN_FRAMEWORK_HEADER = YES;
				CLANG_WARN_RANGE_LOOP_ANALYSIS = YES;
				CLANG_WARN_STRICT_PROTOTYPES = YES;
				CLANG_WARN_SUSPICIOUS_MOVE = YES;
				CLANG_WARN_UNGUARDED_AVAILABILITY = YES_AGGRESSIVE;
				CLANG_WARN_UNREACHABLE_CODE = YES;
				CLANG_WARN__DUPLICATE_METHOD_MATCH = YES;
				COPY_PHASE_STRIP = NO;
				DEBUG_INFORMATION_FORMAT = dwarf;
				ENABLE_STRICT_OBJC_MSGSEND = YES;
				ENABLE_TESTABILITY = YES;
				GCC_C_LANGUAGE_STANDARD = gnu11;
				GCC_DYNAMIC_NO_PIC = NO;
				GCC_NO_COMMON_BLOCKS = YES;
				GCC_OPTIMIZATION_LEVEL = 0;
				GCC_PREPROCESSOR_DEFINITIONS = (
					"DEBUG=1",
					"$(inherited)",
				);
				GCC_WARN_64_TO_32_BIT_CONVERSION = YES;
				GCC_WARN_ABOUT_RETURN_TYPE = YES_ERROR;
				GCC_WARN_UNDECLARED_SELECTOR = YES;
				GCC_WARN_UNINITIALIZED_AUTOS = YES_AGGRESSIVE;
				GCC_WARN_UNUSED_FUNCTION = YES;
				GCC_WARN_UNUSED_VARIABLE = YES;
				IPHONEOS_DEPLOYMENT_TARGET = 14.2;
				MTL_ENABLE_DEBUG_INFO = INCLUDE_SOURCE;
				MTL_FAST_MATH = YES;
				ONLY_ACTIVE_ARCH = YES;
				SDKROOT = iphoneos;
				SWIFT_ACTIVE_COMPILATION_CONDITIONS = DEBUG;
				SWIFT_OPTIMIZATION_LEVEL = "-Onone";
			};
			name = Debug;
		};
		A0DB296B2637306000CF40CA /* Release */ = {
			isa = XCBuildConfiguration;
			buildSettings = {
				ALWAYS_SEARCH_USER_PATHS = NO;
				CLANG_ANALYZER_NONNULL = YES;
				CLANG_ANALYZER_NUMBER_OBJECT_CONVERSION = YES_AGGRESSIVE;
				CLANG_CXX_LANGUAGE_STANDARD = "gnu++14";
				CLANG_CXX_LIBRARY = "libc++";
				CLANG_ENABLE_MODULES = YES;
				CLANG_ENABLE_OBJC_ARC = YES;
				CLANG_ENABLE_OBJC_WEAK = YES;
				CLANG_WARN_BLOCK_CAPTURE_AUTORELEASING = YES;
				CLANG_WARN_BOOL_CONVERSION = YES;
				CLANG_WARN_COMMA = YES;
				CLANG_WARN_CONSTANT_CONVERSION = YES;
				CLANG_WARN_DEPRECATED_OBJC_IMPLEMENTATIONS = YES;
				CLANG_WARN_DIRECT_OBJC_ISA_USAGE = YES_ERROR;
				CLANG_WARN_DOCUMENTATION_COMMENTS = YES;
				CLANG_WARN_EMPTY_BODY = YES;
				CLANG_WARN_ENUM_CONVERSION = YES;
				CLANG_WARN_INFINITE_RECURSION = YES;
				CLANG_WARN_INT_CONVERSION = YES;
				CLANG_WARN_NON_LITERAL_NULL_CONVERSION = YES;
				CLANG_WARN_OBJC_IMPLICIT_RETAIN_SELF = YES;
				CLANG_WARN_OBJC_LITERAL_CONVERSION = YES;
				CLANG_WARN_OBJC_ROOT_CLASS = YES_ERROR;
				CLANG_WARN_QUOTED_INCLUDE_IN_FRAMEWORK_HEADER = YES;
				CLANG_WARN_RANGE_LOOP_ANALYSIS = YES;
				CLANG_WARN_STRICT_PROTOTYPES = YES;
				CLANG_WARN_SUSPICIOUS_MOVE = YES;
				CLANG_WARN_UNGUARDED_AVAILABILITY = YES_AGGRESSIVE;
				CLANG_WARN_UNREACHABLE_CODE = YES;
				CLANG_WARN__DUPLICATE_METHOD_MATCH = YES;
				COPY_PHASE_STRIP = NO;
				DEBUG_INFORMATION_FORMAT = "dwarf-with-dsym";
				ENABLE_NS_ASSERTIONS = NO;
				ENABLE_STRICT_OBJC_MSGSEND = YES;
				GCC_C_LANGUAGE_STANDARD = gnu11;
				GCC_NO_COMMON_BLOCKS = YES;
				GCC_WARN_64_TO_32_BIT_CONVERSION = YES;
				GCC_WARN_ABOUT_RETURN_TYPE = YES_ERROR;
				GCC_WARN_UNDECLARED_SELECTOR = YES;
				GCC_WARN_UNINITIALIZED_AUTOS = YES_AGGRESSIVE;
				GCC_WARN_UNUSED_FUNCTION = YES;
				GCC_WARN_UNUSED_VARIABLE = YES;
				IPHONEOS_DEPLOYMENT_TARGET = 14.2;
				MTL_ENABLE_DEBUG_INFO = NO;
				MTL_FAST_MATH = YES;
				SDKROOT = iphoneos;
				SWIFT_COMPILATION_MODE = wholemodule;
				SWIFT_OPTIMIZATION_LEVEL = "-O";
				VALIDATE_PRODUCT = YES;
			};
			name = Release;
		};
		A0DB296D2637306000CF40CA /* Debug */ = {
			isa = XCBuildConfiguration;
			buildSettings = {
				ASSETCATALOG_COMPILER_APPICON_NAME = AppIcon;
				ASSETCATALOG_COMPILER_GLOBAL_ACCENT_COLOR_NAME = AccentColor;
				CODE_SIGN_STYLE = Automatic;
				DEVELOPMENT_ASSET_PATHS = "\"weather/Preview Content\"";
				DEVELOPMENT_TEAM = D9897GFLJ8;
				ENABLE_PREVIEWS = YES;
				INFOPLIST_FILE = weather/Info.plist;
				LD_RUNPATH_SEARCH_PATHS = (
					"$(inherited)",
					"@executable_path/Frameworks",
				);
				PRODUCT_BUNDLE_IDENTIFIER = kompi.weather;
				PRODUCT_NAME = "$(TARGET_NAME)";
				SWIFT_VERSION = 5.0;
				TARGETED_DEVICE_FAMILY = "1,2";
			};
			name = Debug;
		};
		A0DB296E2637306000CF40CA /* Release */ = {
			isa = XCBuildConfiguration;
			buildSettings = {
				ASSETCATALOG_COMPILER_APPICON_NAME = AppIcon;
				ASSETCATALOG_COMPILER_GLOBAL_ACCENT_COLOR_NAME = AccentColor;
				CODE_SIGN_STYLE = Automatic;
				DEVELOPMENT_ASSET_PATHS = "\"weather/Preview Content\"";
				DEVELOPMENT_TEAM = D9897GFLJ8;
				ENABLE_PREVIEWS = YES;
				INFOPLIST_FILE = weather/Info.plist;
				LD_RUNPATH_SEARCH_PATHS = (
					"$(inherited)",
					"@executable_path/Frameworks",
				);
				PRODUCT_BUNDLE_IDENTIFIER = kompi.weather;
				PRODUCT_NAME = "$(TARGET_NAME)";
				SWIFT_VERSION = 5.0;
				TARGETED_DEVICE_FAMILY = "1,2";
			};
			name = Release;
		};
/* End XCBuildConfiguration section */

/* Begin XCConfigurationList section */
		A0DB29532637305F00CF40CA /* Build configuration list for PBXProject "weather" */ = {
			isa = XCConfigurationList;
			buildConfigurations = (
				A0DB296A2637306000CF40CA /* Debug */,
				A0DB296B2637306000CF40CA /* Release */,
			);
			defaultConfigurationIsVisible = 0;
			defaultConfigurationName = Release;
		};
		A0DB296C2637306000CF40CA /* Build configuration list for PBXNativeTarget "weather" */ = {
			isa = XCConfigurationList;
			buildConfigurations = (
				A0DB296D2637306000CF40CA /* Debug */,
				A0DB296E2637306000CF40CA /* Release */,
			);
			defaultConfigurationIsVisible = 0;
			defaultConfigurationName = Release;
		};
/* End XCConfigurationList section */
	};
	rootObject = A0DB29502637305F00CF40CA /* Project object */;
}
